{
  "requires": true,
  "lockfileVersion": 1,
  "dependencies": {
    "react-native-bouncy-checkbox": {
      "version": "0.0.5",
      "resolved": "https://registry.npmjs.org/react-native-bouncy-checkbox/-/react-native-bouncy-checkbox-0.0.5.tgz",
      "integrity": "sha512-91/9taGW9IQBYcoKUaK+ZZPD4NAeShnQZQ6bfx2TAi7ql1a48SwLz94Axgoa+KrILeTbVagb/iVNyvUHd30wwQ=="
    },
    "react-native-multiple-choice": {
      "version": "0.0.8",
      "resolved": "https://registry.npmjs.org/react-native-multiple-choice/-/react-native-multiple-choice-0.0.8.tgz",
      "integrity": "sha1-732ZrBBElBzfi5QQnMWjMHqhnoc="
    }
  }
}
